Microsoft Visual Studio Solution File, Format Version 12.00
# Visual Studio Version 17
VisualStudioVersion = 17.5.2.0
MinimumVisualStudioVersion = 10.0.40219.1
Project("{FAE04EC0-301F-11D3-BF4B-00C04F79EFBC}") = "Emby.CollectionManager.Plugin", "Emby.CollectionManager.Plugin.csproj", "{763F47A7-5D25-8EB6-B2DD-404744A7C0AB}"
EndProject
Global
	GlobalSection(SolutionConfigurationPlatforms) = preSolution
		Debug|Any CPU = Debug|Any CPU
		Release|Any CPU = Release|Any CPU
	EndGlobalSection
	GlobalSection(ProjectConfigurationPlatforms) = postSolution
		{763F47A7-5D25-8EB6-B2DD-404744A7C0AB}.Debug|Any CPU.ActiveCfg = Debug|Any CPU
		{763F47A7-5D25-8EB6-B2DD-404744A7C0AB}.Debug|Any CPU.Build.0 = Debug|Any CPU
		{763F47A7-5D25-8EB6-B2DD-404744A7C0AB}.Release|Any CPU.ActiveCfg = Release|Any CPU
		{763F47A7-5D25-8EB6-B2DD-404744A7C0AB}.Release|Any CPU.Build.0 = Release|Any CPU
	EndGlobalSection
	GlobalSection(SolutionProperties) = preSolution
		HideSolutionNode = FALSE
	EndGlobalSection
	GlobalSection(ExtensibilityGlobals) = postSolution
		SolutionGuid = {DFF6AA35-15D7-4DBC-8F2C-25EB9A7AB07B}
	EndGlobalSection
EndGlobal
